github.com/dnb-org/components/functions v1.0.40 h1:tnN/MST0/LxaRsDi9MoxHu16ygfUOmpdxonlVtUqNlM=
github.com/dnb-org/components/functions v1.0.40/go.mod h1:tMbnIU5Q/s6RGEsb0dhWPQRYu3W91mZPjNaMMzHcPuA=
github.com/dnb-org/components/opensearch v1.0.10 h1:8yqs/46tNWYdCdp1mlW08vnBv7wrTzWV1LswcMF3pH8=
github.com/dnb-org/components/opensearch v1.0.10/go.mod h1:OwdeJ+W22OqljKgRho+B1o4xQF0AvTu3dF26XO4q1B4=
github.com/dnb-org/components/pwa v1.1.13 h1:WU41/c9xPsGn6RujTuXjAzAFNcSZ7QkVr4KP2Z2Y+yk=
github.com/dnb-org/components/pwa v1.1.13/go.mod h1:r9xQNFQBVABmbrTJjKr31NAOgV7WpnwhTt5YLbo05O0=
github.com/dnb-org/components/renderhooks v1.0.13 h1:acgVilneMLKKixRFqmVvC0ERBLbcxnF9KI2Pl4SFMAk=
github.com/dnb-org/components/renderhooks v1.0.13/go.mod h1:1SJzLcFLg+hTaUKPWb+XweXlD1YGGaTxyZwuRy1A8/U=
github.com/dnb-org/components/robots v1.0.8 h1:K2fpKV0zS7Z29N5+TMWbeLyVgGYyH0yteQn/hweod8k=
github.com/dnb-org/components/robots v1.0.8/go.mod h1:9ZCwQIHIUA6iQzUC2DwQ1voEBfGBY9koWsKELBCy2Kc=
github.com/dnb-org/components/sitemap v1.0.7 h1:jvYEEbvVjK4eYE0n98GdrOgBwWqpdx0ZPYdVLf/5akk=
github.com/dnb-org/components/sitemap v1.0.7/go.mod h1:urRxZtW/f0jTfeM5vH7xvfclekkitzt7RDjCTx3md3c=
github.com/dnb-org/components/social v0.0.8 h1:Iy6vExhj6ZTEQB71G37AaS/MRF9cyjwtkPZaU8pY95s=
github.com/dnb-org/components/social v0.0.8/go.mod h1:JHCrF+f6BiTPT/bNMNNsg+q3OlcArUpQOPREACJVqDw=
github.com/dnb-org/debug v1.2.4 h1:v7xIx1KMJxfh/qqn9BYu2pm+SPelXB/nEiPI8wep5AI=
github.com/dnb-org/debug v1.2.4/go.mod h1:Z/Equ7UpspM0EcvGr6MIlsuf41/e2HEKl6U5zfb1XI0=
github.com/dnb-org/hooks v1.0.10 h1:0AP2qWGXtVPAwxXZcU0C95oRYxuVEDaV+Gfdu1EAPCo=
github.com/dnb-org/hooks v1.0.10/go.mod h1:Gp0l6lElXEdpjoZxCI0eenmwx48eDAPtzu7oGsFcroo=
github.com/dnb-org/libraries/bootstrap-icons v1.5.2 h1:+u+2KCk988RZ31fsxdrMXZnvBFsJIWdH28INOHlip2E=
github.com/dnb-org/libraries/bootstrap-icons v1.5.2/go.mod h1:KKhGcgjtwdDjh29htC/U8239ait4wF+VU7/p2NepQTY=
github.com/dnb-org/libraries/bootstrap5/v2 v2.1.8 h1:goOVD23RM8t019vKRfbN2NUzZR9dhuhgC/HWN4HCMSE=
github.com/dnb-org/libraries/bootstrap5/v2 v2.1.8/go.mod h1:Bdzc3haBNhZ3e29Ob7DKutuyeMI5oW8Oi97smoYf9mI=
github.com/twbs/bootstrap v5.0.2+incompatible/go.mod h1:fZTSrkpSf0/HkL0IIJzvVspTt1r9zuf7XlZau8kpcY0=
github.com/twbs/icons v1.5.0/go.mod h1:GnRlymgVWp5iVJCMa0Me5b6tFyGpVc2bSxPMRGIJmyA=
