github.com/dnb-hugo/components/functions v1.0.30 h1:S4XJqvSQa9VLUPgMQnJcmE8pKcX8U+7FPVcLTk5BePI=
github.com/dnb-hugo/components/functions v1.0.30/go.mod h1:tMbnIU5Q/s6RGEsb0dhWPQRYu3W91mZPjNaMMzHcPuA=
github.com/dnb-hugo/components/opensearch v1.0.2 h1:1oeFn8WCnGELcp9NhMi/91OwQYvGV17MDJy1WSWiL7M=
github.com/dnb-hugo/components/opensearch v1.0.2/go.mod h1:njg6EUuNlbY4SbhPqXy+3E6Gebn/EwWo/UKws1Ea1mQ=
github.com/dnb-hugo/components/pwa v1.1.11 h1:gi2Z0gxT52IjrS/8+MeCghhztJK/CyRD6+S27maK/u0=
github.com/dnb-hugo/components/pwa v1.1.11/go.mod h1:d+4DN54rgKCe289BLTOIwfBoNvgcDdEccGwRoYDpRdg=
github.com/dnb-hugo/components/renderhooks v1.0.11 h1:O0m5hjIdGg6o/TRsNMsiQzmOlXY6EfkVdVU05gJrVHI=
github.com/dnb-hugo/components/renderhooks v1.0.11/go.mod h1:KO1DI9x5FReibb7cyZfw8AOnfUch+K527Ueb74/6qVo=
github.com/dnb-hugo/components/robots v1.0.7 h1:hmbkuDTFEOt+w64FNevc7wLGdN259DBNoyNmxtiuIcU=
github.com/dnb-hugo/components/robots v1.0.7/go.mod h1:PxD4N72CrRenIqfdHHy4iGyITPaxgYJvoE9A+iwUh8Y=
github.com/dnb-hugo/components/sitemap v1.0.6 h1:QFsrwjUZQlNXMuRNaQt3ae/4U8mS8jty9cefkSUROMk=
github.com/dnb-hugo/components/sitemap v1.0.6/go.mod h1:1Ta+/rNe3CqycFdWqyW1wkm8Shla+hF8KaeNEjgYw8I=
github.com/dnb-hugo/components/social v0.0.6 h1:/Slej7Ogv6+r07DW7J0ZhXDg8rpNkJ4XY1boOMa7cqg=
github.com/dnb-hugo/components/social v0.0.6/go.mod h1:ddMwargXmdMt1fAhfSKdJAGuUUBFUD3Qb9yzgojDjas=
github.com/dnb-hugo/debugprint v1.0.14 h1:q8/sO0slKTdHCUpKQ7ds3CYxW+Quq8OENT6mtUkPlEk=
github.com/dnb-hugo/debugprint v1.0.14/go.mod h1:YMvTiP34ADcKHOtCpjeIuzfDyXrh0mSKvfjVt/WXpLM=
github.com/dnb-hugo/hooks v1.0.4 h1:d29tDBFo8MzKMkIJljCapopVieY86cyVUIOeh9m7Qw8=
github.com/dnb-hugo/hooks v1.0.4/go.mod h1:0Knb+ubhco4/RCTXlrZoVQ11YsQ/IbBP39GYV3HeZSU=
github.com/dnb-hugo/libraries/bootstrap-icons v1.5.0 h1:wzQLAweYWPP9TXcLog89FqVrela+EvAbJCd19U2lea8=
github.com/dnb-hugo/libraries/bootstrap-icons v1.5.0/go.mod h1:KKhGcgjtwdDjh29htC/U8239ait4wF+VU7/p2NepQTY=
github.com/dnb-hugo/libraries/bootstrap5/v2 v2.1.4 h1:bBqJfH6rl2ZQclDjkqcoNEAUDie6L6ho7D4xFOeAr0Q=
github.com/dnb-hugo/libraries/bootstrap5/v2 v2.1.4/go.mod h1:jxpUlRvKuM4Lbxv26Ztlk4et5fptgfGlDYY265uMY1A=
github.com/dnb-hugo/libraries/popper.js v1.2.0 h1:vMq5jwR7KvSgZrLuAzWWUM5KB1lVFQYuWOKzH7l/pFY=
github.com/dnb-hugo/libraries/popper.js v1.2.0/go.mod h1:zkFxlsMAbh2U2dUtRm4wU8841Sp8nlkqrgNQPKBntTY=
github.com/popperjs/popper-core v2.9.2+incompatible h1:79aegxWU0Efzru0yRC1PViXx/lutzrKZdzGcvge/7SI=
github.com/popperjs/popper-core v2.9.2+incompatible/go.mod h1:rrRYxxxrr6Y+9S8V9ttEFhsPN5sFPapL1QOzxjoDz0o=
github.com/twbs/bootstrap v5.0.1+incompatible h1:XW1ZMrcg2ZTTQFKtE/i5HUagYsAao/hqfN30dJeBpVk=
github.com/twbs/bootstrap v5.0.1+incompatible/go.mod h1:fZTSrkpSf0/HkL0IIJzvVspTt1r9zuf7XlZau8kpcY0=
github.com/twbs/icons v1.5.0 h1:mFxEKeYHAaWdtp6mQiKct8biCqCO2G87EAhF3skpRvU=
github.com/twbs/icons v1.5.0/go.mod h1:GnRlymgVWp5iVJCMa0Me5b6tFyGpVc2bSxPMRGIJmyA=
