github.com/dnb-hugo/components/auditor v0.0.0-20210224143729-44a389b9ea75 h1:uaGe+BmD/mwDmNIrak8/TxZGbeYh5g1rIFvDjw21u4I=
github.com/dnb-hugo/components/auditor v0.0.0-20210224143729-44a389b9ea75/go.mod h1:SzNnVpyO7QeF+EFxSYeHOU3wwJFN9/f60RpnpeulzwY=
github.com/dnb-hugo/components/functions v1.0.17 h1:W913rHJlR6N2vVnhS+v9GJnPu7YNYqvym24h4IXyF4E=
github.com/dnb-hugo/components/functions v1.0.17/go.mod h1:D1wuewBIRi/K+JS40raRu4iPYReMNYguOF/vXJ7Jv2c=
github.com/dnb-hugo/components/pwa v1.1.6 h1:O/zhOGHVQ8eKq63ySIMaSBbmVrBNdeIFVy185wCfCqE=
github.com/dnb-hugo/components/pwa v1.1.6/go.mod h1:0HFgY9Om7yJqjwKPZDatqyy5Kna6w6XAHj0r6aZmCjU=
github.com/dnb-hugo/components/social v0.0.4 h1:dPv9UeKY+fwZ/PBp3eTp/SMoxSF31bTS9lWyYh6flug=
github.com/dnb-hugo/components/social v0.0.4/go.mod h1:JhfsOeIFw1pQCOrPq7iz/kZh4/b3MIT/CC9R56yE+gs=
