github.com/dnb-hugo/components/auditor v0.0.0-20210429130641-b7dfd65c35d9 h1:DyOw7ODxZ0o6ZFRx7B6ynosqSpR2OF7i3t4aOfTmVDo=
github.com/dnb-hugo/components/auditor v0.0.0-20210429130641-b7dfd65c35d9/go.mod h1:zhu7ydJd1v2OStA1MliH68tZetvEIYophGT+5anetxM=
github.com/dnb-hugo/components/functions v1.0.24 h1:yArKJ0Wj3TmhyqhOsGDGDZ0WtOnnfOGxdKk/gOpa8E4=
github.com/dnb-hugo/components/functions v1.0.24/go.mod h1:64TRuURsUFIlUqAOEgwGQmrjLbv6XOxGnl9cpBAdvg0=
github.com/dnb-hugo/components/pwa v1.1.9 h1:FmSnm/jvidCdA54jNwZ0NbrVmnxnb9865dLNhS+7C6Y=
github.com/dnb-hugo/components/pwa v1.1.9/go.mod h1:CFQcXPctmx31TAC9TEEUVeJ73kZfPQ8vlFpnvuGIuOM=
github.com/dnb-hugo/components/social v0.0.5 h1:/VG2tm4y596RGnOOP28unRvh89jf28I48L9Jvq8gj4o=
github.com/dnb-hugo/components/social v0.0.5/go.mod h1:ddMwargXmdMt1fAhfSKdJAGuUUBFUD3Qb9yzgojDjas=
